
Microsoft Visual Studio Solution File, Format Version 12.00
# Visual Studio 14
VisualStudioVersion = 14.0.24720.0
MinimumVisualStudioVersion = 10.0.40219.1
Project("{8BC9CEB8-8B4A-11D0-8D11-00A0C91BC942}") = "AllocateArray", "AllocateArray\AllocateArray.vcxproj", "{3CDA1853-C770-42BE-9FC8-720264AA0246}"
EndProject
Project("{8BC9CEB8-8B4A-11D0-8D11-00A0C91BC942}") = "CompareArrays", "CompareArrays\CompareArrays.vcxproj", "{847AF8D1-C734-4A0B-ABF9-78FDC955D780}"
EndProject
Project("{8BC9CEB8-8B4A-11D0-8D11-00A0C91BC942}") = "CompareCharArrays", "CompareCharArrays\CompareCharArrays.vcxproj", "{7D5C6493-8CDE-4087-813E-DB2A4E51DE25}"
EndProject
Project("{8BC9CEB8-8B4A-11D0-8D11-00A0C91BC942}") = "MaximalSequence", "MaximalSequence\MaximalSequence.vcxproj", "{36E9ED04-FC57-4C57-B83A-B137F8E63626}"
EndProject
Project("{8BC9CEB8-8B4A-11D0-8D11-00A0C91BC942}") = "MaximalIncreasingSequence", "MaximalIncreasingSequence\MaximalIncreasingSequence.vcxproj", "{DE84BE96-B52F-4C8E-8756-CBA63CADEEB6}"
EndProject
Project("{8BC9CEB8-8B4A-11D0-8D11-00A0C91BC942}") = "MaximalKSum", "MaximalKSum\MaximalKSum.vcxproj", "{716372A6-74C5-4A67-93D1-127DA8A3B3CA}"
EndProject
Project("{8BC9CEB8-8B4A-11D0-8D11-00A0C91BC942}") = "SelectionSort", "SelectionSort\SelectionSort.vcxproj", "{AF72EC9A-6C40-4330-A173-844894A6367F}"
EndProject
Project("{8BC9CEB8-8B4A-11D0-8D11-00A0C91BC942}") = "MaximalSum", "MaximalSum\MaximalSum.vcxproj", "{B8E0D247-2997-4647-A62A-58785B6DBF60}"
EndProject
Project("{8BC9CEB8-8B4A-11D0-8D11-00A0C91BC942}") = "FrequentNumber", "FrequentNumber\FrequentNumber.vcxproj", "{C5AFC42B-83EF-4790-B823-42A2A2DB4B0F}"
EndProject
Project("{8BC9CEB8-8B4A-11D0-8D11-00A0C91BC942}") = "FindSumInArray", "FindSumInArray\FindSumInArray.vcxproj", "{28E6DC95-5DDE-48BC-A415-A9620C71E3A4}"
EndProject
Project("{8BC9CEB8-8B4A-11D0-8D11-00A0C91BC942}") = "BinarySearch", "BinarySearch\BinarySearch.vcxproj", "{15D6D1B7-ABBF-4D84-9219-CDFE2267AC14}"
EndProject
Project("{8BC9CEB8-8B4A-11D0-8D11-00A0C91BC942}") = "IndexOfLetters", "IndexOfLetters\IndexOfLetters.vcxproj", "{6ABADC0C-229A-49D7-8C05-9517BD5ADEF5}"
EndProject
Project("{8BC9CEB8-8B4A-11D0-8D11-00A0C91BC942}") = "MergeSort", "MergeSort\MergeSort.vcxproj", "{C2387AE3-C145-4F5B-A3ED-9C595B4FF75E}"
EndProject
Project("{8BC9CEB8-8B4A-11D0-8D11-00A0C91BC942}") = "QuickSort", "QuickSort\QuickSort.vcxproj", "{CF72F36C-FBBA-49DE-B0F2-F63B622CECB0}"
EndProject
Project("{8BC9CEB8-8B4A-11D0-8D11-00A0C91BC942}") = "PrimeNumbers", "PrimeNumbers\PrimeNumbers.vcxproj", "{F13258CD-E103-44D4-96E5-9F10B7DA32D7}"
EndProject
Project("{8BC9CEB8-8B4A-11D0-8D11-00A0C91BC942}") = "SubsetWithSumS", "SubsetWithSumS\SubsetWithSumS.vcxproj", "{42C1D255-D932-41BE-94B2-392F4C0A5C0B}"
EndProject
Project("{8BC9CEB8-8B4A-11D0-8D11-00A0C91BC942}") = "SubsetKWithSumS", "SubsetKWithSumS\SubsetKWithSumS.vcxproj", "{C44BC66C-D204-44B5-BF71-8047E12077D6}"
EndProject
Project("{8BC9CEB8-8B4A-11D0-8D11-00A0C91BC942}") = "RemoveElementsFromArray", "RemoveElementsFromArray\RemoveElementsFromArray.vcxproj", "{13D46181-C2B5-4C48-B2FE-53C74D506AC2}"
EndProject
Project("{8BC9CEB8-8B4A-11D0-8D11-00A0C91BC942}") = "PermutationsOfSet", "PermutationsOfSet\PermutationsOfSet.vcxproj", "{6EF826AD-EE22-4531-B845-C612382CA097}"
EndProject
Project("{8BC9CEB8-8B4A-11D0-8D11-00A0C91BC942}") = "CombinationsOfSet", "CombinationsOfSet\CombinationsOfSet.vcxproj", "{11C53C25-65E4-4178-8062-F4C864680A06}"
EndProject
Global
	GlobalSection(SolutionConfigurationPlatforms) = preSolution
		Debug|x64 = Debug|x64
		Debug|x86 = Debug|x86
		Release|x64 = Release|x64
		Release|x86 = Release|x86
	EndGlobalSection
	GlobalSection(ProjectConfigurationPlatforms) = postSolution
		{3CDA1853-C770-42BE-9FC8-720264AA0246}.Debug|x64.ActiveCfg = Debug|x64
		{3CDA1853-C770-42BE-9FC8-720264AA0246}.Debug|x64.Build.0 = Debug|x64
		{3CDA1853-C770-42BE-9FC8-720264AA0246}.Debug|x86.ActiveCfg = Debug|Win32
		{3CDA1853-C770-42BE-9FC8-720264AA0246}.Debug|x86.Build.0 = Debug|Win32
		{3CDA1853-C770-42BE-9FC8-720264AA0246}.Release|x64.ActiveCfg = Release|x64
		{3CDA1853-C770-42BE-9FC8-720264AA0246}.Release|x64.Build.0 = Release|x64
		{3CDA1853-C770-42BE-9FC8-720264AA0246}.Release|x86.ActiveCfg = Release|Win32
		{3CDA1853-C770-42BE-9FC8-720264AA0246}.Release|x86.Build.0 = Release|Win32
		{847AF8D1-C734-4A0B-ABF9-78FDC955D780}.Debug|x64.ActiveCfg = Debug|x64
		{847AF8D1-C734-4A0B-ABF9-78FDC955D780}.Debug|x64.Build.0 = Debug|x64
		{847AF8D1-C734-4A0B-ABF9-78FDC955D780}.Debug|x86.ActiveCfg = Debug|Win32
		{847AF8D1-C734-4A0B-ABF9-78FDC955D780}.Debug|x86.Build.0 = Debug|Win32
		{847AF8D1-C734-4A0B-ABF9-78FDC955D780}.Release|x64.ActiveCfg = Release|x64
		{847AF8D1-C734-4A0B-ABF9-78FDC955D780}.Release|x64.Build.0 = Release|x64
		{847AF8D1-C734-4A0B-ABF9-78FDC955D780}.Release|x86.ActiveCfg = Release|Win32
		{847AF8D1-C734-4A0B-ABF9-78FDC955D780}.Release|x86.Build.0 = Release|Win32
		{7D5C6493-8CDE-4087-813E-DB2A4E51DE25}.Debug|x64.ActiveCfg = Debug|x64
		{7D5C6493-8CDE-4087-813E-DB2A4E51DE25}.Debug|x64.Build.0 = Debug|x64
		{7D5C6493-8CDE-4087-813E-DB2A4E51DE25}.Debug|x86.ActiveCfg = Debug|Win32
		{7D5C6493-8CDE-4087-813E-DB2A4E51DE25}.Debug|x86.Build.0 = Debug|Win32
		{7D5C6493-8CDE-4087-813E-DB2A4E51DE25}.Release|x64.ActiveCfg = Release|x64
		{7D5C6493-8CDE-4087-813E-DB2A4E51DE25}.Release|x64.Build.0 = Release|x64
		{7D5C6493-8CDE-4087-813E-DB2A4E51DE25}.Release|x86.ActiveCfg = Release|Win32
		{7D5C6493-8CDE-4087-813E-DB2A4E51DE25}.Release|x86.Build.0 = Release|Win32
		{36E9ED04-FC57-4C57-B83A-B137F8E63626}.Debug|x64.ActiveCfg = Debug|x64
		{36E9ED04-FC57-4C57-B83A-B137F8E63626}.Debug|x64.Build.0 = Debug|x64
		{36E9ED04-FC57-4C57-B83A-B137F8E63626}.Debug|x86.ActiveCfg = Debug|Win32
		{36E9ED04-FC57-4C57-B83A-B137F8E63626}.Debug|x86.Build.0 = Debug|Win32
		{36E9ED04-FC57-4C57-B83A-B137F8E63626}.Release|x64.ActiveCfg = Release|x64
		{36E9ED04-FC57-4C57-B83A-B137F8E63626}.Release|x64.Build.0 = Release|x64
		{36E9ED04-FC57-4C57-B83A-B137F8E63626}.Release|x86.ActiveCfg = Release|Win32
		{36E9ED04-FC57-4C57-B83A-B137F8E63626}.Release|x86.Build.0 = Release|Win32
		{DE84BE96-B52F-4C8E-8756-CBA63CADEEB6}.Debug|x64.ActiveCfg = Debug|x64
		{DE84BE96-B52F-4C8E-8756-CBA63CADEEB6}.Debug|x64.Build.0 = Debug|x64
		{DE84BE96-B52F-4C8E-8756-CBA63CADEEB6}.Debug|x86.ActiveCfg = Debug|Win32
		{DE84BE96-B52F-4C8E-8756-CBA63CADEEB6}.Debug|x86.Build.0 = Debug|Win32
		{DE84BE96-B52F-4C8E-8756-CBA63CADEEB6}.Release|x64.ActiveCfg = Release|x64
		{DE84BE96-B52F-4C8E-8756-CBA63CADEEB6}.Release|x64.Build.0 = Release|x64
		{DE84BE96-B52F-4C8E-8756-CBA63CADEEB6}.Release|x86.ActiveCfg = Release|Win32
		{DE84BE96-B52F-4C8E-8756-CBA63CADEEB6}.Release|x86.Build.0 = Release|Win32
		{716372A6-74C5-4A67-93D1-127DA8A3B3CA}.Debug|x64.ActiveCfg = Debug|x64
		{716372A6-74C5-4A67-93D1-127DA8A3B3CA}.Debug|x64.Build.0 = Debug|x64
		{716372A6-74C5-4A67-93D1-127DA8A3B3CA}.Debug|x86.ActiveCfg = Debug|Win32
		{716372A6-74C5-4A67-93D1-127DA8A3B3CA}.Debug|x86.Build.0 = Debug|Win32
		{716372A6-74C5-4A67-93D1-127DA8A3B3CA}.Release|x64.ActiveCfg = Release|x64
		{716372A6-74C5-4A67-93D1-127DA8A3B3CA}.Release|x64.Build.0 = Release|x64
		{716372A6-74C5-4A67-93D1-127DA8A3B3CA}.Release|x86.ActiveCfg = Release|Win32
		{716372A6-74C5-4A67-93D1-127DA8A3B3CA}.Release|x86.Build.0 = Release|Win32
		{AF72EC9A-6C40-4330-A173-844894A6367F}.Debug|x64.ActiveCfg = Debug|x64
		{AF72EC9A-6C40-4330-A173-844894A6367F}.Debug|x64.Build.0 = Debug|x64
		{AF72EC9A-6C40-4330-A173-844894A6367F}.Debug|x86.ActiveCfg = Debug|Win32
		{AF72EC9A-6C40-4330-A173-844894A6367F}.Debug|x86.Build.0 = Debug|Win32
		{AF72EC9A-6C40-4330-A173-844894A6367F}.Release|x64.ActiveCfg = Release|x64
		{AF72EC9A-6C40-4330-A173-844894A6367F}.Release|x64.Build.0 = Release|x64
		{AF72EC9A-6C40-4330-A173-844894A6367F}.Release|x86.ActiveCfg = Release|Win32
		{AF72EC9A-6C40-4330-A173-844894A6367F}.Release|x86.Build.0 = Release|Win32
		{B8E0D247-2997-4647-A62A-58785B6DBF60}.Debug|x64.ActiveCfg = Debug|x64
		{B8E0D247-2997-4647-A62A-58785B6DBF60}.Debug|x64.Build.0 = Debug|x64
		{B8E0D247-2997-4647-A62A-58785B6DBF60}.Debug|x86.ActiveCfg = Debug|Win32
		{B8E0D247-2997-4647-A62A-58785B6DBF60}.Debug|x86.Build.0 = Debug|Win32
		{B8E0D247-2997-4647-A62A-58785B6DBF60}.Release|x64.ActiveCfg = Release|x64
		{B8E0D247-2997-4647-A62A-58785B6DBF60}.Release|x64.Build.0 = Release|x64
		{B8E0D247-2997-4647-A62A-58785B6DBF60}.Release|x86.ActiveCfg = Release|Win32
		{B8E0D247-2997-4647-A62A-58785B6DBF60}.Release|x86.Build.0 = Release|Win32
		{C5AFC42B-83EF-4790-B823-42A2A2DB4B0F}.Debug|x64.ActiveCfg = Debug|x64
		{C5AFC42B-83EF-4790-B823-42A2A2DB4B0F}.Debug|x64.Build.0 = Debug|x64
		{C5AFC42B-83EF-4790-B823-42A2A2DB4B0F}.Debug|x86.ActiveCfg = Debug|Win32
		{C5AFC42B-83EF-4790-B823-42A2A2DB4B0F}.Debug|x86.Build.0 = Debug|Win32
		{C5AFC42B-83EF-4790-B823-42A2A2DB4B0F}.Release|x64.ActiveCfg = Release|x64
		{C5AFC42B-83EF-4790-B823-42A2A2DB4B0F}.Release|x64.Build.0 = Release|x64
		{C5AFC42B-83EF-4790-B823-42A2A2DB4B0F}.Release|x86.ActiveCfg = Release|Win32
		{C5AFC42B-83EF-4790-B823-42A2A2DB4B0F}.Release|x86.Build.0 = Release|Win32
		{28E6DC95-5DDE-48BC-A415-A9620C71E3A4}.Debug|x64.ActiveCfg = Debug|x64
		{28E6DC95-5DDE-48BC-A415-A9620C71E3A4}.Debug|x64.Build.0 = Debug|x64
		{28E6DC95-5DDE-48BC-A415-A9620C71E3A4}.Debug|x86.ActiveCfg = Debug|Win32
		{28E6DC95-5DDE-48BC-A415-A9620C71E3A4}.Debug|x86.Build.0 = Debug|Win32
		{28E6DC95-5DDE-48BC-A415-A9620C71E3A4}.Release|x64.ActiveCfg = Release|x64
		{28E6DC95-5DDE-48BC-A415-A9620C71E3A4}.Release|x64.Build.0 = Release|x64
		{28E6DC95-5DDE-48BC-A415-A9620C71E3A4}.Release|x86.ActiveCfg = Release|Win32
		{28E6DC95-5DDE-48BC-A415-A9620C71E3A4}.Release|x86.Build.0 = Release|Win32
		{15D6D1B7-ABBF-4D84-9219-CDFE2267AC14}.Debug|x64.ActiveCfg = Debug|x64
		{15D6D1B7-ABBF-4D84-9219-CDFE2267AC14}.Debug|x64.Build.0 = Debug|x64
		{15D6D1B7-ABBF-4D84-9219-CDFE2267AC14}.Debug|x86.ActiveCfg = Debug|Win32
		{15D6D1B7-ABBF-4D84-9219-CDFE2267AC14}.Debug|x86.Build.0 = Debug|Win32
		{15D6D1B7-ABBF-4D84-9219-CDFE2267AC14}.Release|x64.ActiveCfg = Release|x64
		{15D6D1B7-ABBF-4D84-9219-CDFE2267AC14}.Release|x64.Build.0 = Release|x64
		{15D6D1B7-ABBF-4D84-9219-CDFE2267AC14}.Release|x86.ActiveCfg = Release|Win32
		{15D6D1B7-ABBF-4D84-9219-CDFE2267AC14}.Release|x86.Build.0 = Release|Win32
		{6ABADC0C-229A-49D7-8C05-9517BD5ADEF5}.Debug|x64.ActiveCfg = Debug|x64
		{6ABADC0C-229A-49D7-8C05-9517BD5ADEF5}.Debug|x64.Build.0 = Debug|x64
		{6ABADC0C-229A-49D7-8C05-9517BD5ADEF5}.Debug|x86.ActiveCfg = Debug|Win32
		{6ABADC0C-229A-49D7-8C05-9517BD5ADEF5}.Debug|x86.Build.0 = Debug|Win32
		{6ABADC0C-229A-49D7-8C05-9517BD5ADEF5}.Release|x64.ActiveCfg = Release|x64
		{6ABADC0C-229A-49D7-8C05-9517BD5ADEF5}.Release|x64.Build.0 = Release|x64
		{6ABADC0C-229A-49D7-8C05-9517BD5ADEF5}.Release|x86.ActiveCfg = Release|Win32
		{6ABADC0C-229A-49D7-8C05-9517BD5ADEF5}.Release|x86.Build.0 = Release|Win32
		{C2387AE3-C145-4F5B-A3ED-9C595B4FF75E}.Debug|x64.ActiveCfg = Debug|x64
		{C2387AE3-C145-4F5B-A3ED-9C595B4FF75E}.Debug|x64.Build.0 = Debug|x64
		{C2387AE3-C145-4F5B-A3ED-9C595B4FF75E}.Debug|x86.ActiveCfg = Debug|Win32
		{C2387AE3-C145-4F5B-A3ED-9C595B4FF75E}.Debug|x86.Build.0 = Debug|Win32
		{C2387AE3-C145-4F5B-A3ED-9C595B4FF75E}.Release|x64.ActiveCfg = Release|x64
		{C2387AE3-C145-4F5B-A3ED-9C595B4FF75E}.Release|x64.Build.0 = Release|x64
		{C2387AE3-C145-4F5B-A3ED-9C595B4FF75E}.Release|x86.ActiveCfg = Release|Win32
		{C2387AE3-C145-4F5B-A3ED-9C595B4FF75E}.Release|x86.Build.0 = Release|Win32
		{CF72F36C-FBBA-49DE-B0F2-F63B622CECB0}.Debug|x64.ActiveCfg = Debug|x64
		{CF72F36C-FBBA-49DE-B0F2-F63B622CECB0}.Debug|x64.Build.0 = Debug|x64
		{CF72F36C-FBBA-49DE-B0F2-F63B622CECB0}.Debug|x86.ActiveCfg = Debug|Win32
		{CF72F36C-FBBA-49DE-B0F2-F63B622CECB0}.Debug|x86.Build.0 = Debug|Win32
		{CF72F36C-FBBA-49DE-B0F2-F63B622CECB0}.Release|x64.ActiveCfg = Release|x64
		{CF72F36C-FBBA-49DE-B0F2-F63B622CECB0}.Release|x64.Build.0 = Release|x64
		{CF72F36C-FBBA-49DE-B0F2-F63B622CECB0}.Release|x86.ActiveCfg = Release|Win32
		{CF72F36C-FBBA-49DE-B0F2-F63B622CECB0}.Release|x86.Build.0 = Release|Win32
		{F13258CD-E103-44D4-96E5-9F10B7DA32D7}.Debug|x64.ActiveCfg = Debug|x64
		{F13258CD-E103-44D4-96E5-9F10B7DA32D7}.Debug|x64.Build.0 = Debug|x64
		{F13258CD-E103-44D4-96E5-9F10B7DA32D7}.Debug|x86.ActiveCfg = Debug|Win32
		{F13258CD-E103-44D4-96E5-9F10B7DA32D7}.Debug|x86.Build.0 = Debug|Win32
		{F13258CD-E103-44D4-96E5-9F10B7DA32D7}.Release|x64.ActiveCfg = Release|x64
		{F13258CD-E103-44D4-96E5-9F10B7DA32D7}.Release|x64.Build.0 = Release|x64
		{F13258CD-E103-44D4-96E5-9F10B7DA32D7}.Release|x86.ActiveCfg = Release|Win32
		{F13258CD-E103-44D4-96E5-9F10B7DA32D7}.Release|x86.Build.0 = Release|Win32
		{42C1D255-D932-41BE-94B2-392F4C0A5C0B}.Debug|x64.ActiveCfg = Debug|x64
		{42C1D255-D932-41BE-94B2-392F4C0A5C0B}.Debug|x64.Build.0 = Debug|x64
		{42C1D255-D932-41BE-94B2-392F4C0A5C0B}.Debug|x86.ActiveCfg = Debug|Win32
		{42C1D255-D932-41BE-94B2-392F4C0A5C0B}.Debug|x86.Build.0 = Debug|Win32
		{42C1D255-D932-41BE-94B2-392F4C0A5C0B}.Release|x64.ActiveCfg = Release|x64
		{42C1D255-D932-41BE-94B2-392F4C0A5C0B}.Release|x64.Build.0 = Release|x64
		{42C1D255-D932-41BE-94B2-392F4C0A5C0B}.Release|x86.ActiveCfg = Release|Win32
		{42C1D255-D932-41BE-94B2-392F4C0A5C0B}.Release|x86.Build.0 = Release|Win32
		{C44BC66C-D204-44B5-BF71-8047E12077D6}.Debug|x64.ActiveCfg = Debug|x64
		{C44BC66C-D204-44B5-BF71-8047E12077D6}.Debug|x64.Build.0 = Debug|x64
		{C44BC66C-D204-44B5-BF71-8047E12077D6}.Debug|x86.ActiveCfg = Debug|Win32
		{C44BC66C-D204-44B5-BF71-8047E12077D6}.Debug|x86.Build.0 = Debug|Win32
		{C44BC66C-D204-44B5-BF71-8047E12077D6}.Release|x64.ActiveCfg = Release|x64
		{C44BC66C-D204-44B5-BF71-8047E12077D6}.Release|x64.Build.0 = Release|x64
		{C44BC66C-D204-44B5-BF71-8047E12077D6}.Release|x86.ActiveCfg = Release|Win32
		{C44BC66C-D204-44B5-BF71-8047E12077D6}.Release|x86.Build.0 = Release|Win32
		{13D46181-C2B5-4C48-B2FE-53C74D506AC2}.Debug|x64.ActiveCfg = Debug|x64
		{13D46181-C2B5-4C48-B2FE-53C74D506AC2}.Debug|x64.Build.0 = Debug|x64
		{13D46181-C2B5-4C48-B2FE-53C74D506AC2}.Debug|x86.ActiveCfg = Debug|Win32
		{13D46181-C2B5-4C48-B2FE-53C74D506AC2}.Debug|x86.Build.0 = Debug|Win32
		{13D46181-C2B5-4C48-B2FE-53C74D506AC2}.Release|x64.ActiveCfg = Release|x64
		{13D46181-C2B5-4C48-B2FE-53C74D506AC2}.Release|x64.Build.0 = Release|x64
		{13D46181-C2B5-4C48-B2FE-53C74D506AC2}.Release|x86.ActiveCfg = Release|Win32
		{13D46181-C2B5-4C48-B2FE-53C74D506AC2}.Release|x86.Build.0 = Release|Win32
		{6EF826AD-EE22-4531-B845-C612382CA097}.Debug|x64.ActiveCfg = Debug|x64
		{6EF826AD-EE22-4531-B845-C612382CA097}.Debug|x64.Build.0 = Debug|x64
		{6EF826AD-EE22-4531-B845-C612382CA097}.Debug|x86.ActiveCfg = Debug|Win32
		{6EF826AD-EE22-4531-B845-C612382CA097}.Debug|x86.Build.0 = Debug|Win32
		{6EF826AD-EE22-4531-B845-C612382CA097}.Release|x64.ActiveCfg = Release|x64
		{6EF826AD-EE22-4531-B845-C612382CA097}.Release|x64.Build.0 = Release|x64
		{6EF826AD-EE22-4531-B845-C612382CA097}.Release|x86.ActiveCfg = Release|Win32
		{6EF826AD-EE22-4531-B845-C612382CA097}.Release|x86.Build.0 = Release|Win32
		{11C53C25-65E4-4178-8062-F4C864680A06}.Debug|x64.ActiveCfg = Debug|x64
		{11C53C25-65E4-4178-8062-F4C864680A06}.Debug|x64.Build.0 = Debug|x64
		{11C53C25-65E4-4178-8062-F4C864680A06}.Debug|x86.ActiveCfg = Debug|Win32
		{11C53C25-65E4-4178-8062-F4C864680A06}.Debug|x86.Build.0 = Debug|Win32
		{11C53C25-65E4-4178-8062-F4C864680A06}.Release|x64.ActiveCfg = Release|x64
		{11C53C25-65E4-4178-8062-F4C864680A06}.Release|x64.Build.0 = Release|x64
		{11C53C25-65E4-4178-8062-F4C864680A06}.Release|x86.ActiveCfg = Release|Win32
		{11C53C25-65E4-4178-8062-F4C864680A06}.Release|x86.Build.0 = Release|Win32
	EndGlobalSection
	GlobalSection(SolutionProperties) = preSolution
		HideSolutionNode = FALSE
	EndGlobalSection
EndGlobal
